PODS:
  - AFNetworking (3.1.0):
    - AFNetworking/NSURLSession (= 3.1.0)
    - AFNetworking/Reachability (= 3.1.0)
    - AFNetworking/Security (= 3.1.0)
    - AFNetworking/Serialization (= 3.1.0)
    - AFNetworking/UIKit (= 3.1.0)
  - AFNetworking/NSURLSession (3.1.0):
    - AFNetworking/Reachability
    - AFNetworking/Security
    - AFNetworking/Serialization
  - AFNetworking/Reachability (3.1.0)
  - AFNetworking/Security (3.1.0)
  - AFNetworking/Serialization (3.1.0)
  - AFNetworking/UIKit (3.1.0):
    - AFNetworking/NSURLSession
  - AlipaySDK-iOS (15.5.9)
  - DACircularProgress (2.3.1)
  - EaseUILite (3.5.1):
    - HyphenateLite (~> 3.5.1)
    - MJRefresh (~> 3.1.0)
    - MWPhotoBrowser (~> 2.1.1)
  - HyphenateLite (3.5.5)
  - IQKeyboardManager (4.0.13)
  - JCore (2.1.4)
  - JPush (3.2.6):
    - JCore (< 3.0.0, >= 2.0.0)
  - Masonry (1.0.2)
  - MBProgressHUD (0.9.2)
  - MJRefresh (3.1.15.3)
  - MWPhotoBrowser (2.1.2):
    - DACircularProgress (~> 2.3)
    - MBProgressHUD (~> 0.9)
    - "SDWebImage (!= 3.7.2, ~> 3.7)"
  - SDWebImage (3.8.2):
    - SDWebImage/Core (= 3.8.2)
  - SDWebImage/Core (3.8.2)
  - WechatOpenSDK (1.8.4)

DEPENDENCIES:
  - AFNetworking (~> 3.1.0)
  - AlipaySDK-iOS
  - EaseUILite (from `https://github.com/easemob/easeui-ios-hyphenate-cocoapods.git`, tag `3.5.1`)
  - IQKeyboardManager (~> 4.0.3)
  - JPush
  - Masonry (~> 1.0.1)
  - MBProgressHUD (~> 0.9.2)
  - MJRefresh (~> 3.1.0)
  - SDWebImage (~> 3.7)
  - WechatOpenSDK

SPEC REPOS:
  trunk:
    - AFNetworking
    - AlipaySDK-iOS
    - DACircularProgress
    - HyphenateLite
    - IQKeyboardManager
    - JCore
    - JPush
    - Masonry
    - MBProgressHUD
    - MJRefresh
    - MWPhotoBrowser
    - SDWebImage
    - WechatOpenSDK

EXTERNAL SOURCES:
  EaseUILite:
    :git: https://github.com/easemob/easeui-ios-hyphenate-cocoapods.git
    :tag: 3.5.1

CHECKOUT OPTIONS:
  EaseUILite:
    :git: https://github.com/easemob/easeui-ios-hyphenate-cocoapods.git
    :tag: 3.5.1

SPEC CHECKSUMS:
  AFNetworking: 5e0e199f73d8626b11e79750991f5d173d1f8b67
  AlipaySDK-iOS: 1c5283b30977a24acecc0114662697f7dc78f618
  DACircularProgress: 4dd437c0fc3da5161cb289e07ac449493d41db71
  EaseUILite: 50d9f9fd8a85777a19957c665412925d2845c793
  HyphenateLite: c3801b966857db275127d3ed2bf899cd1c6ad4f1
  IQKeyboardManager: 8eab4d8111418414619d1df8e4779ce5d0f8d7e2
  JCore: d345c049141877eb61c33011455fdb5fcab1673f
  JPush: 41dd48a69bd8c08abc692dc7f2b23c0fb281471f
  Masonry: 7c429b56da9d4ee0bbb3ed77a5ea710d6a5df39e
  MBProgressHUD: 1569cf7ace17a8bac47aabfbb8580a49690386d1
  MJRefresh: b48380ae2b927b46c4ef000de9adb8dc748e1df7
  MWPhotoBrowser: 5836d7aa041dc05a13de380c246826578adc5ea5
  SDWebImage: 098e97e6176540799c27e804c96653ee0833d13c
  WechatOpenSDK: 9b721089507c895d05f997408c30bb6e6f5f9b60

PODFILE CHECKSUM: 3547ce3db6eefbdcf0a18d5d4862987c6cfd5763

COCOAPODS: 1.8.3
